
Microsoft Visual Studio Solution File, Format Version 12.00
# Visual Studio Version 17
VisualStudioVersion = 17.8.34330.188
MinimumVisualStudioVersion = 10.0.40219.1
Project("{9A19103F-16F7-4668-BE54-9A1E7A4F7556}") = "TCPLargeMessageTest", "TCPLargeMessageTest\TCPLargeMessageTest.csproj", "{19530FC0-9848-43FA-9EA4-301DC8B95D56}"
EndProject
Project("{2150E333-8FDC-42A3-9474-1A3956D46DE8}") = "Solution Items", "Solution Items", "{474C9A22-A36D-47B9-A764-7A599DAFA726}"
	ProjectSection(SolutionItems) = preProject
		README.md = README.md
	EndProjectSection
EndProject
Global
	GlobalSection(SolutionConfigurationPlatforms) = preSolution
		Debug|Any CPU = Debug|Any CPU
		Debug|x64 = Debug|x64
		Release|Any CPU = Release|Any CPU
		Release|x64 = Release|x64
	EndGlobalSection
	GlobalSection(ProjectConfigurationPlatforms) = postSolution
		{19530FC0-9848-43FA-9EA4-301DC8B95D56}.Debug|Any CPU.ActiveCfg = Debug|Any CPU
		{19530FC0-9848-43FA-9EA4-301DC8B95D56}.Debug|Any CPU.Build.0 = Debug|Any CPU
		{19530FC0-9848-43FA-9EA4-301DC8B95D56}.Debug|x64.ActiveCfg = Debug|x64
		{19530FC0-9848-43FA-9EA4-301DC8B95D56}.Debug|x64.Build.0 = Debug|x64
		{19530FC0-9848-43FA-9EA4-301DC8B95D56}.Release|Any CPU.ActiveCfg = Release|Any CPU
		{19530FC0-9848-43FA-9EA4-301DC8B95D56}.Release|Any CPU.Build.0 = Release|Any CPU
		{19530FC0-9848-43FA-9EA4-301DC8B95D56}.Release|x64.ActiveCfg = Release|x64
		{19530FC0-9848-43FA-9EA4-301DC8B95D56}.Release|x64.Build.0 = Release|x64
	EndGlobalSection
	GlobalSection(SolutionProperties) = preSolution
		HideSolutionNode = FALSE
	EndGlobalSection
	GlobalSection(ExtensibilityGlobals) = postSolution
		SolutionGuid = {E8ED50F7-30CE-4B38-923A-F1F01B188C44}
	EndGlobalSection
EndGlobal
